
Microsoft Visual Studio Solution File, Format Version 12.00
# Visual Studio Version 17
VisualStudioVersion = 17.14.36511.14
MinimumVisualStudioVersion = 10.0.40219.1
Project("{FAE04EC0-301F-11D3-BF4B-00C04F79EFBC}") = "ContosoUniversity", "ContosoUniversity\ContosoUniversity.csproj", "{3BF799AF-8231-40DB-99CC-A0326ABEB158}"
EndProject
Project("{FAE04EC0-301F-11D3-BF4B-00C04F79EFBC}") = "ContosoUniversityHW", "ContosoUniversityHW\ContosoUniversityHW.csproj", "{EBD77CEC-1855-496F-A890-E3D1EAC11A2D}"
EndProject
Global
	GlobalSection(SolutionConfigurationPlatforms) = preSolution
		Debug|Any CPU = Debug|Any CPU
		Release|Any CPU = Release|Any CPU
	EndGlobalSection
	GlobalSection(ProjectConfigurationPlatforms) = postSolution
		{3BF799AF-8231-40DB-99CC-A0326ABEB158}.Debug|Any CPU.ActiveCfg = Debug|Any CPU
		{3BF799AF-8231-40DB-99CC-A0326ABEB158}.Debug|Any CPU.Build.0 = Debug|Any CPU
		{3BF799AF-8231-40DB-99CC-A0326ABEB158}.Release|Any CPU.ActiveCfg = Release|Any CPU
		{3BF799AF-8231-40DB-99CC-A0326ABEB158}.Release|Any CPU.Build.0 = Release|Any CPU
		{EBD77CEC-1855-496F-A890-E3D1EAC11A2D}.Debug|Any CPU.ActiveCfg = Debug|Any CPU
		{EBD77CEC-1855-496F-A890-E3D1EAC11A2D}.Debug|Any CPU.Build.0 = Debug|Any CPU
		{EBD77CEC-1855-496F-A890-E3D1EAC11A2D}.Release|Any CPU.ActiveCfg = Release|Any CPU
		{EBD77CEC-1855-496F-A890-E3D1EAC11A2D}.Release|Any CPU.Build.0 = Release|Any CPU
	EndGlobalSection
	GlobalSection(SolutionProperties) = preSolution
		HideSolutionNode = FALSE
	EndGlobalSection
	GlobalSection(ExtensibilityGlobals) = postSolution
		SolutionGuid = {DFDB4A1D-DDDE-441A-9AB6-33B084EDD2BC}
	EndGlobalSection
EndGlobal
